
Microsoft Visual Studio Solution File, Format Version 11.00
# Visual Studio 2010
Project("{FAE04EC0-301F-11D3-BF4B-00C04F79EFBC}") = "Assembly-CSharp", "Assembly-CSharp.csproj", "{8AB9500B-1473-3BF7-C068-E2B9DBAB7317}"
EndProject
Project("{FAE04EC0-301F-11D3-BF4B-00C04F79EFBC}") = "Scripts", "Scripts.csproj", "{E7014E85-23B1-C041-FDB8-A5FCE0665FCA}"
EndProject
Project("{FAE04EC0-301F-11D3-BF4B-00C04F79EFBC}") = "TBFramework", "TBFramework.csproj", "{46C60220-0E46-4FBD-D03D-8DD9FF48F411}"
EndProject
Global
	GlobalSection(SolutionConfigurationPlatforms) = preSolution
		Debug|Any CPU = Debug|Any CPU
		Release|Any CPU = Release|Any CPU
	EndGlobalSection
	GlobalSection(ProjectConfigurationPlatforms) = postSolution
		{8AB9500B-1473-3BF7-C068-E2B9DBAB7317}.Debug|Any CPU.ActiveCfg = Debug|Any CPU
		{8AB9500B-1473-3BF7-C068-E2B9DBAB7317}.Debug|Any CPU.Build.0 = Debug|Any CPU
		{8AB9500B-1473-3BF7-C068-E2B9DBAB7317}.Release|Any CPU.ActiveCfg = Release|Any CPU
		{8AB9500B-1473-3BF7-C068-E2B9DBAB7317}.Release|Any CPU.Build.0 = Release|Any CPU
		{E7014E85-23B1-C041-FDB8-A5FCE0665FCA}.Debug|Any CPU.ActiveCfg = Debug|Any CPU
		{E7014E85-23B1-C041-FDB8-A5FCE0665FCA}.Debug|Any CPU.Build.0 = Debug|Any CPU
		{E7014E85-23B1-C041-FDB8-A5FCE0665FCA}.Release|Any CPU.ActiveCfg = Release|Any CPU
		{E7014E85-23B1-C041-FDB8-A5FCE0665FCA}.Release|Any CPU.Build.0 = Release|Any CPU
		{46C60220-0E46-4FBD-D03D-8DD9FF48F411}.Debug|Any CPU.ActiveCfg = Debug|Any CPU
		{46C60220-0E46-4FBD-D03D-8DD9FF48F411}.Debug|Any CPU.Build.0 = Debug|Any CPU
		{46C60220-0E46-4FBD-D03D-8DD9FF48F411}.Release|Any CPU.ActiveCfg = Release|Any CPU
		{46C60220-0E46-4FBD-D03D-8DD9FF48F411}.Release|Any CPU.Build.0 = Release|Any CPU
	EndGlobalSection
	GlobalSection(SolutionProperties) = preSolution
		HideSolutionNode = FALSE
	EndGlobalSection
	GlobalSection(MonoDevelopProperties) = preSolution
		StartupItem = Assembly-CSharp.csproj
	EndGlobalSection
EndGlobal
